# generated by rye
# use `rye lock` or `rye sync` to update this lockfile
#
# last locked with the following flags:
#   pre: false
#   features: []
#   all-features: false

-e file:.
annotated-types==0.5.0
beautifulsoup4==4.12.2
certifi==2023.7.22
charset-normalizer==3.2.0
idna==3.4
metaboatrace-models==1.0.1
metaboatrace-scrapers==2.0.0
numpy==1.25.2
pydantic==2.1.1
pydantic-core==2.4.0
pymysql==1.1.0
requests==2.31.0
soupsieve==2.4.1
sqlalchemy==2.0.23
types-requests==2.31.0.2
types-urllib3==1.26.25.14
typing-extensions==4.7.1
urllib3==2.0.4
